
Microsoft Visual Studio Solution File, Format Version 11.00
# Visual Studio 2010
Project("{FAE04EC0-301F-11D3-BF4B-00C04F79EFBC}") = "FxClient", "FxClient\FxClient.csproj", "{B8517185-7EE7-42D1-8A46-F9AA4AA08DDE}"
EndProject
Project("{FAE04EC0-301F-11D3-BF4B-00C04F79EFBC}") = "RobotIPlugin", "IPlugin\RobotIPlugin.csproj", "{AFC4DDD2-558D-4D3B-B083-1C9801BA9069}"
EndProject
Project("{FAE04EC0-301F-11D3-BF4B-00C04F79EFBC}") = "FxRobot", "FxRobot\FxRobot.csproj", "{9077C059-8EFB-4205-B24C-CB08C94FEB0A}"
EndProject
Project("{FAE04EC0-301F-11D3-BF4B-00C04F79EFBC}") = "EncryptConfig", "EncryptConfig\EncryptConfig.csproj", "{E7290F70-2C50-4755-89B7-9E9348B5AE29}"
EndProject
Global
	GlobalSection(SolutionConfigurationPlatforms) = preSolution
		Debug|Any CPU = Debug|Any CPU
		Release|Any CPU = Release|Any CPU
	EndGlobalSection
	GlobalSection(ProjectConfigurationPlatforms) = postSolution
		{B8517185-7EE7-42D1-8A46-F9AA4AA08DDE}.Debug|Any CPU.ActiveCfg = Debug|Any CPU
		{B8517185-7EE7-42D1-8A46-F9AA4AA08DDE}.Debug|Any CPU.Build.0 = Debug|Any CPU
		{B8517185-7EE7-42D1-8A46-F9AA4AA08DDE}.Release|Any CPU.ActiveCfg = Release|Any CPU
		{B8517185-7EE7-42D1-8A46-F9AA4AA08DDE}.Release|Any CPU.Build.0 = Release|Any CPU
		{AFC4DDD2-558D-4D3B-B083-1C9801BA9069}.Debug|Any CPU.ActiveCfg = Debug|Any CPU
		{AFC4DDD2-558D-4D3B-B083-1C9801BA9069}.Debug|Any CPU.Build.0 = Debug|Any CPU
		{AFC4DDD2-558D-4D3B-B083-1C9801BA9069}.Release|Any CPU.ActiveCfg = Release|Any CPU
		{AFC4DDD2-558D-4D3B-B083-1C9801BA9069}.Release|Any CPU.Build.0 = Release|Any CPU
		{9077C059-8EFB-4205-B24C-CB08C94FEB0A}.Debug|Any CPU.ActiveCfg = Debug|Any CPU
		{9077C059-8EFB-4205-B24C-CB08C94FEB0A}.Debug|Any CPU.Build.0 = Debug|Any CPU
		{9077C059-8EFB-4205-B24C-CB08C94FEB0A}.Release|Any CPU.ActiveCfg = Release|Any CPU
		{9077C059-8EFB-4205-B24C-CB08C94FEB0A}.Release|Any CPU.Build.0 = Release|Any CPU
		{E7290F70-2C50-4755-89B7-9E9348B5AE29}.Debug|Any CPU.ActiveCfg = Debug|Any CPU
		{E7290F70-2C50-4755-89B7-9E9348B5AE29}.Debug|Any CPU.Build.0 = Debug|Any CPU
		{E7290F70-2C50-4755-89B7-9E9348B5AE29}.Release|Any CPU.ActiveCfg = Release|Any CPU
		{E7290F70-2C50-4755-89B7-9E9348B5AE29}.Release|Any CPU.Build.0 = Release|Any CPU
	EndGlobalSection
	GlobalSection(SolutionProperties) = preSolution
		HideSolutionNode = FALSE
	EndGlobalSection
EndGlobal
